// !$*UTF8*$!
{
	archiveVersion = 1;
	classes = {
	};
	objectVersion = 77;
	objects = {

/* Begin PBXBuildFile section */
		DB7052E92D5F5D5F0079B6B8 /* Citations&References.md in Resources */ = {isa = PBXBuildFile; fileRef = DB7052E82D5F5D410079B6B8 /* Citations&References.md */; };
		DB7052EB2D5F5DDD0079B6B8 /* PrivacyPolicy.md in Resources */ = {isa = PBXBuildFile; fileRef = DB7052EA2D5F5DCF0079B6B8 /* PrivacyPolicy.md */; };
		DBDE611C2D6200B200BD2225 /* WidgetKit.framework in Frameworks */ = {isa = PBXBuildFile; fileRef = DBDE611B2D6200B200BD2225 /* WidgetKit.framework */; };
		DBDE611E2D6200B200BD2225 /* SwiftUI.framework in Frameworks */ = {isa = PBXBuildFile; fileRef = DBDE611D2D6200B200BD2225 /* SwiftUI.framework */; };
		DBDE612F2D6200B300BD2225 /* LifeTimerWIdgetExtension.appex in Embed Foundation Extensions */ = {isa = PBXBuildFile; fileRef = DBDE61192D6200B200BD2225 /* LifeTimerWIdgetExtension.appex */; settings = {ATTRIBUTES = (RemoveHeadersOnCopy, ); }; };
/* End PBXBuildFile section */

/* Begin PBXContainerItemProxy section */
		DBD6561E2D520EF9004E771D /* PBXContainerItemProxy */ = {
			isa = PBXContainerItemProxy;
			containerPortal = DBD655FE2D520EF7004E771D /* Project object */;
			proxyType = 1;
			remoteGlobalIDString = DBD656052D520EF7004E771D;
			remoteInfo = LifeTimer;
		};
		DBD656282D520EF9004E771D /* PBXContainerItemProxy */ = {
			isa = PBXContainerItemProxy;
			containerPortal = DBD655FE2D520EF7004E771D /* Project object */;
			proxyType = 1;
			remoteGlobalIDString = DBD656052D520EF7004E771D;
			remoteInfo = LifeTimer;
		};
		DBDE612D2D6200B300BD2225 /* PBXContainerItemProxy */ = {
			isa = PBXContainerItemProxy;
			containerPortal = DBD655FE2D520EF7004E771D /* Project object */;
			proxyType = 1;
			remoteGlobalIDString = DBDE61182D6200B200BD2225;
			remoteInfo = LifeTimerWIdgetExtension;
		};
/* End PBXContainerItemProxy section */

/* Begin PBXCopyFilesBuildPhase section */
		DBDE61302D6200B300BD2225 /* Embed Foundation Extensions */ = {
			isa = PBXCopyFilesBuildPhase;
			buildActionMask = 2147483647;
			dstPath = "";
			dstSubfolderSpec = 13;
			files = (
				DBDE612F2D6200B300BD2225 /* LifeTimerWIdgetExtension.appex in Embed Foundation Extensions */,
			);
			name = "Embed Foundation Extensions";
			runOnlyForDeploymentPostprocessing = 0;
		};
/* End PBXCopyFilesBuildPhase section */

/* Begin PBXFileReference section */
		DB7052E82D5F5D410079B6B8 /* Citations&References.md */ = {isa = PBXFileReference; lastKnownFileType = net.daringfireball.markdown; path = "Citations&References.md"; sourceTree = "<group>"; };
		DB7052EA2D5F5DCF0079B6B8 /* PrivacyPolicy.md */ = {isa = PBXFileReference; lastKnownFileType = net.daringfireball.markdown; path = PrivacyPolicy.md; sourceTree = "<group>"; };
		DBD656062D520EF7004E771D /* LifeTimer.app */ = {isa = PBXFileReference; explicitFileType = wrapper.application; includeInIndex = 0; path = LifeTimer.app; sourceTree = BUILT_PRODUCTS_DIR; };
		DBD6561D2D520EF9004E771D /* LifeTimerTests.xctest */ = {isa = PBXFileReference; explicitFileType = wrapper.cfbundle; includeInIndex = 0; path = LifeTimerTests.xctest; sourceTree = BUILT_PRODUCTS_DIR; };
		DBD656272D520EF9004E771D /* LifeTimerUITests.xctest */ = {isa = PBXFileReference; explicitFileType = wrapper.cfbundle; includeInIndex = 0; path = LifeTimerUITests.xctest; sourceTree = BUILT_PRODUCTS_DIR; };
		DBDE61192D6200B200BD2225 /* LifeTimerWIdgetExtension.appex */ = {isa = PBXFileReference; explicitFileType = "wrapper.app-extension"; includeInIndex = 0; path = LifeTimerWIdgetExtension.appex; sourceTree = BUILT_PRODUCTS_DIR; };
		DBDE611B2D6200B200BD2225 /* WidgetKit.framework */ = {isa = PBXFileReference; lastKnownFileType = wrapper.framework; name = WidgetKit.framework; path = System/Library/Frameworks/WidgetKit.framework; sourceTree = SDKROOT; };
		DBDE611D2D6200B200BD2225 /* SwiftUI.framework */ = {isa = PBXFileReference; lastKnownFileType = wrapper.framework; name = SwiftUI.framework; path = System/Library/Frameworks/SwiftUI.framework; sourceTree = SDKROOT; };
		DBDE61452D62062100BD2225 /* LifeTimerWIdgetExtension.entitlements */ = {isa = PBXFileReference; lastKnownFileType = text.plist.entitlements; path = LifeTimerWIdgetExtension.entitlements; sourceTree = "<group>"; };
/* End PBXFileReference section */

/* Begin PBXFileSystemSynchronizedBuildFileExceptionSet section */
		DBD6562F2D520EF9004E771D /* Exceptions for "LifeTimer" folder in "LifeTimer" target */ = {
			isa = PBXFileSystemSynchronizedBuildFileExceptionSet;
			membershipExceptions = (
				Info.plist,
			);
			target = DBD656052D520EF7004E771D /* LifeTimer */;
		};
		DBDE61342D6200B300BD2225 /* Exceptions for "LifeTimerWIdget" folder in "LifeTimerWIdgetExtension" target */ = {
			isa = PBXFileSystemSynchronizedBuildFileExceptionSet;
			membershipExceptions = (
				Info.plist,
			);
			target = DBDE61182D6200B200BD2225 /* LifeTimerWIdgetExtension */;
		};
		DBDE613E2D6204C100BD2225 /* Exceptions for "LifeTimerWIdget" folder in "LifeTimer" target */ = {
			isa = PBXFileSystemSynchronizedBuildFileExceptionSet;
			membershipExceptions = (
				Entries/LifeTimerEntry.swift,
				ViewModels/ProgressWidgetViewModel.swift,
				ViewModels/TimerWidgetViewModel.swift,
				Views/ProgressWidgetView/ProgressWidgetView.swift,
				Views/ProgressWidgetView/WidgetProgressView.swift,
				Views/TimerWidgetView.swift,
			);
			target = DBD656052D520EF7004E771D /* LifeTimer */;
		};
		DBDE61542D6208F100BD2225 /* Exceptions for "LifeTimer" folder in "LifeTimerWIdgetExtension" target */ = {
			isa = PBXFileSystemSynchronizedBuildFileExceptionSet;
			membershipExceptions = (
				DesignSystems/Colors/Color.swift,
				DesignSystems/Fonts/Font.swift,
				LifeTimer.xcdatamodeld,
				Managers/CoreDataManager.swift,
				Managers/UserDataManager.swift,
				Managers/WidgetDataManager.swift,
				"Resources/NeoDunggeunmoPro/NeoDunggeunmoPro-Regular.ttf",
			);
			target = DBDE61182D6200B200BD2225 /* LifeTimerWIdgetExtension */;
		};
/* End PBXFileSystemSynchronizedBuildFileExceptionSet section */

/* Begin PBXFileSystemSynchronizedRootGroup section */
		DBD656082D520EF7004E771D /* LifeTimer */ = {
			isa = PBXFileSystemSynchronizedRootGroup;
			exceptions = (
				DBD6562F2D520EF9004E771D /* Exceptions for "LifeTimer" folder in "LifeTimer" target */,
				DBDE61542D6208F100BD2225 /* Exceptions for "LifeTimer" folder in "LifeTimerWIdgetExtension" target */,
			);
			path = LifeTimer;
			sourceTree = "<group>";
		};
		DBD656202D520EF9004E771D /* LifeTimerTests */ = {
			isa = PBXFileSystemSynchronizedRootGroup;
			path = LifeTimerTests;
			sourceTree = "<group>";
		};
		DBD6562A2D520EF9004E771D /* LifeTimerUITests */ = {
			isa = PBXFileSystemSynchronizedRootGroup;
			path = LifeTimerUITests;
			sourceTree = "<group>";
		};
		DBDE611F2D6200B200BD2225 /* LifeTimerWIdget */ = {
			isa = PBXFileSystemSynchronizedRootGroup;
			exceptions = (
				DBDE613E2D6204C100BD2225 /* Exceptions for "LifeTimerWIdget" folder in "LifeTimer" target */,
				DBDE61342D6200B300BD2225 /* Exceptions for "LifeTimerWIdget" folder in "LifeTimerWIdgetExtension" target */,
			);
			path = LifeTimerWIdget;
			sourceTree = "<group>";
		};
/* End PBXFileSystemSynchronizedRootGroup section */

/* Begin PBXFrameworksBuildPhase section */
		DBD656032D520EF7004E771D /* Frameworks */ = {
			isa = PBXFrameworksBuildPhase;
			buildActionMask = 2147483647;
			files = (
			);
			runOnlyForDeploymentPostprocessing = 0;
		};
		DBD6561A2D520EF9004E771D /* Frameworks */ = {
			isa = PBXFrameworksBuildPhase;
			buildActionMask = 2147483647;
			files = (
			);
			runOnlyForDeploymentPostprocessing = 0;
		};
		DBD656242D520EF9004E771D /* Frameworks */ = {
			isa = PBXFrameworksBuildPhase;
			buildActionMask = 2147483647;
			files = (
			);
			runOnlyForDeploymentPostprocessing = 0;
		};
		DBDE61162D6200B200BD2225 /* Frameworks */ = {
			isa = PBXFrameworksBuildPhase;
			buildActionMask = 2147483647;
			files = (
				DBDE611E2D6200B200BD2225 /* SwiftUI.framework in Frameworks */,
				DBDE611C2D6200B200BD2225 /* WidgetKit.framework in Frameworks */,
			);
			runOnlyForDeploymentPostprocessing = 0;
		};
/* End PBXFrameworksBuildPhase section */

/* Begin PBXGroup section */
		DBD655FD2D520EF7004E771D = {
			isa = PBXGroup;
			children = (
				DBDE61452D62062100BD2225 /* LifeTimerWIdgetExtension.entitlements */,
				DB7052EA2D5F5DCF0079B6B8 /* PrivacyPolicy.md */,
				DB7052E82D5F5D410079B6B8 /* Citations&References.md */,
				DBD656082D520EF7004E771D /* LifeTimer */,
				DBD656202D520EF9004E771D /* LifeTimerTests */,
				DBD6562A2D520EF9004E771D /* LifeTimerUITests */,
				DBDE611F2D6200B200BD2225 /* LifeTimerWIdget */,
				DBDE611A2D6200B200BD2225 /* Frameworks */,
				DBD656072D520EF7004E771D /* Products */,
			);
			sourceTree = "<group>";
		};
		DBD656072D520EF7004E771D /* Products */ = {
			isa = PBXGroup;
			children = (
				DBD656062D520EF7004E771D /* LifeTimer.app */,
				DBD6561D2D520EF9004E771D /* LifeTimerTests.xctest */,
				DBD656272D520EF9004E771D /* LifeTimerUITests.xctest */,
				DBDE61192D6200B200BD2225 /* LifeTimerWIdgetExtension.appex */,
			);
			name = Products;
			sourceTree = "<group>";
		};
		DBDE611A2D6200B200BD2225 /* Frameworks */ = {
			isa = PBXGroup;
			children = (
				DBDE611B2D6200B200BD2225 /* WidgetKit.framework */,
				DBDE611D2D6200B200BD2225 /* SwiftUI.framework */,
			);
			name = Frameworks;
			sourceTree = "<group>";
		};
/* End PBXGroup section */

/* Begin PBXNativeTarget section */
		DBD656052D520EF7004E771D /* LifeTimer */ = {
			isa = PBXNativeTarget;
			buildConfigurationList = DBD656302D520EF9004E771D /* Build configuration list for PBXNativeTarget "LifeTimer" */;
			buildPhases = (
				DBD656022D520EF7004E771D /* Sources */,
				DBD656032D520EF7004E771D /* Frameworks */,
				DBD656042D520EF7004E771D /* Resources */,
				DBDE61302D6200B300BD2225 /* Embed Foundation Extensions */,
			);
			buildRules = (
			);
			dependencies = (
				DBDE612E2D6200B300BD2225 /* PBXTargetDependency */,
			);
			fileSystemSynchronizedGroups = (
				DBD656082D520EF7004E771D /* LifeTimer */,
			);
			name = LifeTimer;
			packageProductDependencies = (
			);
			productName = LifeTimer;
			productReference = DBD656062D520EF7004E771D /* LifeTimer.app */;
			productType = "com.apple.product-type.application";
		};
		DBD6561C2D520EF9004E771D /* LifeTimerTests */ = {
			isa = PBXNativeTarget;
			buildConfigurationList = DBD656352D520EF9004E771D /* Build configuration list for PBXNativeTarget "LifeTimerTests" */;
			buildPhases = (
				DBD656192D520EF9004E771D /* Sources */,
				DBD6561A2D520EF9004E771D /* Frameworks */,
				DBD6561B2D520EF9004E771D /* Resources */,
			);
			buildRules = (
			);
			dependencies = (
				DBD6561F2D520EF9004E771D /* PBXTargetDependency */,
			);
			fileSystemSynchronizedGroups = (
				DBD656202D520EF9004E771D /* LifeTimerTests */,
			);
			name = LifeTimerTests;
			packageProductDependencies = (
			);
			productName = LifeTimerTests;
			productReference = DBD6561D2D520EF9004E771D /* LifeTimerTests.xctest */;
			productType = "com.apple.product-type.bundle.unit-test";
		};
		DBD656262D520EF9004E771D /* LifeTimerUITests */ = {
			isa = PBXNativeTarget;
			buildConfigurationList = DBD656382D520EF9004E771D /* Build configuration list for PBXNativeTarget "LifeTimerUITests" */;
			buildPhases = (
				DBD656232D520EF9004E771D /* Sources */,
				DBD656242D520EF9004E771D /* Frameworks */,
				DBD656252D520EF9004E771D /* Resources */,
			);
			buildRules = (
			);
			dependencies = (
				DBD656292D520EF9004E771D /* PBXTargetDependency */,
			);
			fileSystemSynchronizedGroups = (
				DBD6562A2D520EF9004E771D /* LifeTimerUITests */,
			);
			name = LifeTimerUITests;
			packageProductDependencies = (
			);
			productName = LifeTimerUITests;
			productReference = DBD656272D520EF9004E771D /* LifeTimerUITests.xctest */;
			productType = "com.apple.product-type.bundle.ui-testing";
		};
		DBDE61182D6200B200BD2225 /* LifeTimerWIdgetExtension */ = {
			isa = PBXNativeTarget;
			buildConfigurationList = DBDE61332D6200B300BD2225 /* Build configuration list for PBXNativeTarget "LifeTimerWIdgetExtension" */;
			buildPhases = (
				DBDE61152D6200B200BD2225 /* Sources */,
				DBDE61162D6200B200BD2225 /* Frameworks */,
				DBDE61172D6200B200BD2225 /* Resources */,
			);
			buildRules = (
			);
			dependencies = (
			);
			fileSystemSynchronizedGroups = (
				DBDE611F2D6200B200BD2225 /* LifeTimerWIdget */,
			);
			name = LifeTimerWIdgetExtension;
			packageProductDependencies = (
			);
			productName = LifeTimerWIdgetExtension;
			productReference = DBDE61192D6200B200BD2225 /* LifeTimerWIdgetExtension.appex */;
			productType = "com.apple.product-type.app-extension";
		};
/* End PBXNativeTarget section */

/* Begin PBXProject section */
		DBD655FE2D520EF7004E771D /* Project object */ = {
			isa = PBXProject;
			attributes = {
				BuildIndependentTargetsInParallel = 1;
				LastSwiftUpdateCheck = 1620;
				LastUpgradeCheck = 1620;
				TargetAttributes = {
					DBD656052D520EF7004E771D = {
						CreatedOnToolsVersion = 16.2;
					};
					DBD6561C2D520EF9004E771D = {
						CreatedOnToolsVersion = 16.2;
						TestTargetID = DBD656052D520EF7004E771D;
					};
					DBD656262D520EF9004E771D = {
						CreatedOnToolsVersion = 16.2;
						TestTargetID = DBD656052D520EF7004E771D;
					};
					DBDE61182D6200B200BD2225 = {
						CreatedOnToolsVersion = 16.2;
					};
				};
			};
			buildConfigurationList = DBD656012D520EF7004E771D /* Build configuration list for PBXProject "LifeTimer" */;
			developmentRegion = en;
			hasScannedForEncodings = 0;
			knownRegions = (
				en,
				Base,
			);
			mainGroup = DBD655FD2D520EF7004E771D;
			minimizedProjectReferenceProxies = 1;
			preferredProjectObjectVersion = 77;
			productRefGroup = DBD656072D520EF7004E771D /* Products */;
			projectDirPath = "";
			projectRoot = "";
			targets = (
				DBD656052D520EF7004E771D /* LifeTimer */,
				DBD6561C2D520EF9004E771D /* LifeTimerTests */,
				DBD656262D520EF9004E771D /* LifeTimerUITests */,
				DBDE61182D6200B200BD2225 /* LifeTimerWIdgetExtension */,
			);
		};
/* End PBXProject section */

/* Begin PBXResourcesBuildPhase section */
		DBD656042D520EF7004E771D /* Resources */ = {
			isa = PBXResourcesBuildPhase;
			buildActionMask = 2147483647;
			files = (
				DB7052E92D5F5D5F0079B6B8 /* Citations&References.md in Resources */,
				DB7052EB2D5F5DDD0079B6B8 /* PrivacyPolicy.md in Resources */,
			);
			runOnlyForDeploymentPostprocessing = 0;
		};
		DBD6561B2D520EF9004E771D /* Resources */ = {
			isa = PBXResourcesBuildPhase;
			buildActionMask = 2147483647;
			files = (
			);
			runOnlyForDeploymentPostprocessing = 0;
		};
		DBD656252D520EF9004E771D /* Resources */ = {
			isa = PBXResourcesBuildPhase;
			buildActionMask = 2147483647;
			files = (
			);
			runOnlyForDeploymentPostprocessing = 0;
		};
		DBDE61172D6200B200BD2225 /* Resources */ = {
			isa = PBXResourcesBuildPhase;
			buildActionMask = 2147483647;
			files = (
			);
			runOnlyForDeploymentPostprocessing = 0;
		};
/* End PBXResourcesBuildPhase section */

/* Begin PBXSourcesBuildPhase section */
		DBD656022D520EF7004E771D /* Sources */ = {
			isa = PBXSourcesBuildPhase;
			buildActionMask = 2147483647;
			files = (
			);
			runOnlyForDeploymentPostprocessing = 0;
		};
		DBD656192D520EF9004E771D /* Sources */ = {
			isa = PBXSourcesBuildPhase;
			buildActionMask = 2147483647;
			files = (
			);
			runOnlyForDeploymentPostprocessing = 0;
		};
		DBD656232D520EF9004E771D /* Sources */ = {
			isa = PBXSourcesBuildPhase;
			buildActionMask = 2147483647;
			files = (
			);
			runOnlyForDeploymentPostprocessing = 0;
		};
		DBDE61152D6200B200BD2225 /* Sources */ = {
			isa = PBXSourcesBuildPhase;
			buildActionMask = 2147483647;
			files = (
			);
			runOnlyForDeploymentPostprocessing = 0;
		};
/* End PBXSourcesBuildPhase section */

/* Begin PBXTargetDependency section */
		DBD6561F2D520EF9004E771D /* PBXTargetDependency */ = {
			isa = PBXTargetDependency;
			target = DBD656052D520EF7004E771D /* LifeTimer */;
			targetProxy = DBD6561E2D520EF9004E771D /* PBXContainerItemProxy */;
		};
		DBD656292D520EF9004E771D /* PBXTargetDependency */ = {
			isa = PBXTargetDependency;
			target = DBD656052D520EF7004E771D /* LifeTimer */;
			targetProxy = DBD656282D520EF9004E771D /* PBXContainerItemProxy */;
		};
		DBDE612E2D6200B300BD2225 /* PBXTargetDependency */ = {
			isa = PBXTargetDependency;
			target = DBDE61182D6200B200BD2225 /* LifeTimerWIdgetExtension */;
			targetProxy = DBDE612D2D6200B300BD2225 /* PBXContainerItemProxy */;
		};
/* End PBXTargetDependency section */

/* Begin XCBuildConfiguration section */
		DBD656312D520EF9004E771D /* Debug */ = {
			isa = XCBuildConfiguration;
			buildSettings = {
				ASSETCATALOG_COMPILER_APPICON_NAME = AppIcon;
				ASSETCATALOG_COMPILER_GLOBAL_ACCENT_COLOR_NAME = AccentColor;
				CODE_SIGN_ENTITLEMENTS = LifeTimer/LifeTimer.entitlements;
				CODE_SIGN_IDENTITY = "Apple Development";
				CODE_SIGN_STYLE = Automatic;
				CURRENT_PROJECT_VERSION = 1;
				DEVELOPMENT_ASSET_PATHS = "\"LifeTimer/Preview Content\"";
				DEVELOPMENT_TEAM = GXC72G385T;
				ENABLE_HARDENED_RUNTIME = YES;
				ENABLE_PREVIEWS = YES;
				GENERATE_INFOPLIST_FILE = YES;
				INFOPLIST_FILE = LifeTimer/Info.plist;
				"INFOPLIST_KEY_UIApplicationSceneManifest_Generation[sdk=iphoneos*]" = YES;
				"INFOPLIST_KEY_UIApplicationSceneManifest_Generation[sdk=iphonesimulator*]" = YES;
				"INFOPLIST_KEY_UIApplicationSupportsIndirectInputEvents[sdk=iphoneos*]" = YES;
				"INFOPLIST_KEY_UIApplicationSupportsIndirectInputEvents[sdk=iphonesimulator*]" = YES;
				"INFOPLIST_KEY_UILaunchScreen_Generation[sdk=iphoneos*]" = YES;
				"INFOPLIST_KEY_UILaunchScreen_Generation[sdk=iphonesimulator*]" = YES;
				"INFOPLIST_KEY_UIStatusBarStyle[sdk=iphoneos*]" = UIStatusBarStyleDefault;
				"INFOPLIST_KEY_UIStatusBarStyle[sdk=iphonesimulator*]" = UIStatusBarStyleDefault;
				INFOPLIST_KEY_UISupportedInterfaceOrientations = "UIInterfaceOrientationLandscapeLeft UIInterfaceOrientationLandscapeRight UIInterfaceOrientationPortrait";
				INFOPLIST_KEY_UISupportedInterfaceOrientations_iPad = "UIInterfaceOrientationLandscapeLeft UIInterfaceOrientationLandscapeRight UIInterfaceOrientationPortrait UIInterfaceOrientationPortraitUpsideDown";
				IPHONEOS_DEPLOYMENT_TARGET = 17.6;
				LD_RUNPATH_SEARCH_PATHS = "@executable_path/Frameworks";
				"LD_RUNPATH_SEARCH_PATHS[sdk=macosx*]" = "@executable_path/../Frameworks";
				MACOSX_DEPLOYMENT_TARGET = 14.5;
				MARKETING_VERSION = 1.0;
				PRODUCT_BUNDLE_IDENTIFIER = com.alsgur.LifeTimer;
				PRODUCT_NAME = "$(TARGET_NAME)";
				PROVISIONING_PROFILE_SPECIFIER = "";
				SDKROOT = auto;
				SUPPORTED_PLATFORMS = "iphoneos iphonesimulator";
				SUPPORTS_MACCATALYST = NO;
				SWIFT_EMIT_LOC_STRINGS = YES;
				SWIFT_VERSION = 5.0;
				TARGETED_DEVICE_FAMILY = 1;
				XROS_DEPLOYMENT_TARGET = 2.2;
			};
			name = Debug;
		};
		DBD656322D520EF9004E771D /* Release */ = {
			isa = XCBuildConfiguration;
			buildSettings = {
				ASSETCATALOG_COMPILER_APPICON_NAME = AppIcon;
				ASSETCATALOG_COMPILER_GLOBAL_ACCENT_COLOR_NAME = AccentColor;
				CODE_SIGN_ENTITLEMENTS = LifeTimer/LifeTimer.entitlements;
				CODE_SIGN_IDENTITY = "Apple Development";
				CODE_SIGN_STYLE = Automatic;
				CURRENT_PROJECT_VERSION = 1;
				DEVELOPMENT_ASSET_PATHS = "\"LifeTimer/Preview Content\"";
				DEVELOPMENT_TEAM = GXC72G385T;
				ENABLE_HARDENED_RUNTIME = YES;
				ENABLE_PREVIEWS = YES;
				GENERATE_INFOPLIST_FILE = YES;
				INFOPLIST_FILE = LifeTimer/Info.plist;
				"INFOPLIST_KEY_UIApplicationSceneManifest_Generation[sdk=iphoneos*]" = YES;
				"INFOPLIST_KEY_UIApplicationSceneManifest_Generation[sdk=iphonesimulator*]" = YES;
				"INFOPLIST_KEY_UIApplicationSupportsIndirectInputEvents[sdk=iphoneos*]" = YES;
				"INFOPLIST_KEY_UIApplicationSupportsIndirectInputEvents[sdk=iphonesimulator*]" = YES;
				"INFOPLIST_KEY_UILaunchScreen_Generation[sdk=iphoneos*]" = YES;
				"INFOPLIST_KEY_UILaunchScreen_Generation[sdk=iphonesimulator*]" = YES;
				"INFOPLIST_KEY_UIStatusBarStyle[sdk=iphoneos*]" = UIStatusBarStyleDefault;
				"INFOPLIST_KEY_UIStatusBarStyle[sdk=iphonesimulator*]" = UIStatusBarStyleDefault;
				INFOPLIST_KEY_UISupportedInterfaceOrientations = "UIInterfaceOrientationLandscapeLeft UIInterfaceOrientationLandscapeRight UIInterfaceOrientationPortrait";
				INFOPLIST_KEY_UISupportedInterfaceOrientations_iPad = "UIInterfaceOrientationLandscapeLeft UIInterfaceOrientationLandscapeRight UIInterfaceOrientationPortrait UIInterfaceOrientationPortraitUpsideDown";
				IPHONEOS_DEPLOYMENT_TARGET = 17.6;
				LD_RUNPATH_SEARCH_PATHS = "@executable_path/Frameworks";
				"LD_RUNPATH_SEARCH_PATHS[sdk=macosx*]" = "@executable_path/../Frameworks";
				MACOSX_DEPLOYMENT_TARGET = 14.5;
				MARKETING_VERSION = 1.0;
				PRODUCT_BUNDLE_IDENTIFIER = com.alsgur.LifeTimer;
				PRODUCT_NAME = "$(TARGET_NAME)";
				PROVISIONING_PROFILE_SPECIFIER = "";
				SDKROOT = auto;
				SUPPORTED_PLATFORMS = "iphoneos iphonesimulator";
				SUPPORTS_MACCATALYST = NO;
				SWIFT_EMIT_LOC_STRINGS = YES;
				SWIFT_VERSION = 5.0;
				TARGETED_DEVICE_FAMILY = 1;
				XROS_DEPLOYMENT_TARGET = 2.2;
			};
			name = Release;
		};
		DBD656332D520EF9004E771D /* Debug */ = {
			isa = XCBuildConfiguration;
			buildSettings = {
				ALWAYS_SEARCH_USER_PATHS = NO;
				ASSETCATALOG_COMPILER_GENERATE_SWIFT_ASSET_SYMBOL_EXTENSIONS = YES;
				CLANG_ANALYZER_NONNULL = YES;
				CLANG_ANALYZER_NUMBER_OBJECT_CONVERSION = YES_AGGRESSIVE;
				CLANG_CXX_LANGUAGE_STANDARD = "gnu++20";
				CLANG_ENABLE_MODULES = YES;
				CLANG_ENABLE_OBJC_ARC = YES;
				CLANG_ENABLE_OBJC_WEAK = YES;
				CLANG_WARN_BLOCK_CAPTURE_AUTORELEASING = YES;
				CLANG_WARN_BOOL_CONVERSION = YES;
				CLANG_WARN_COMMA = YES;
				CLANG_WARN_CONSTANT_CONVERSION = YES;
				CLANG_WARN_DEPRECATED_OBJC_IMPLEMENTATIONS = YES;
				CLANG_WARN_DIRECT_OBJC_ISA_USAGE = YES_ERROR;
				CLANG_WARN_DOCUMENTATION_COMMENTS = YES;
				CLANG_WARN_EMPTY_BODY = YES;
				CLANG_WARN_ENUM_CONVERSION = YES;
				CLANG_WARN_INFINITE_RECURSION = YES;
				CLANG_WARN_INT_CONVERSION = YES;
				CLANG_WARN_NON_LITERAL_NULL_CONVERSION = YES;
				CLANG_WARN_OBJC_IMPLICIT_RETAIN_SELF = YES;
				CLANG_WARN_OBJC_LITERAL_CONVERSION = YES;
				CLANG_WARN_OBJC_ROOT_CLASS = YES_ERROR;
				CLANG_WARN_QUOTED_INCLUDE_IN_FRAMEWORK_HEADER = YES;
				CLANG_WARN_RANGE_LOOP_ANALYSIS = YES;
				CLANG_WARN_STRICT_PROTOTYPES = YES;
				CLANG_WARN_SUSPICIOUS_MOVE = YES;
				CLANG_WARN_UNGUARDED_AVAILABILITY = YES_AGGRESSIVE;
				CLANG_WARN_UNREACHABLE_CODE = YES;
				CLANG_WARN__DUPLICATE_METHOD_MATCH = YES;
				COPY_PHASE_STRIP = NO;
				DEBUG_INFORMATION_FORMAT = dwarf;
				ENABLE_STRICT_OBJC_MSGSEND = YES;
				ENABLE_TESTABILITY = YES;
				ENABLE_USER_SCRIPT_SANDBOXING = YES;
				GCC_C_LANGUAGE_STANDARD = gnu17;
				GCC_DYNAMIC_NO_PIC = NO;
				GCC_NO_COMMON_BLOCKS = YES;
				GCC_OPTIMIZATION_LEVEL = 0;
				GCC_PREPROCESSOR_DEFINITIONS = (
					"DEBUG=1",
					"$(inherited)",
				);
				GCC_WARN_64_TO_32_BIT_CONVERSION = YES;
				GCC_WARN_ABOUT_RETURN_TYPE = YES_ERROR;
				GCC_WARN_UNDECLARED_SELECTOR = YES;
				GCC_WARN_UNINITIALIZED_AUTOS = YES_AGGRESSIVE;
				GCC_WARN_UNUSED_FUNCTION = YES;
				GCC_WARN_UNUSED_VARIABLE = YES;
				LOCALIZATION_PREFERS_STRING_CATALOGS = YES;
				MTL_ENABLE_DEBUG_INFO = INCLUDE_SOURCE;
				MTL_FAST_MATH = YES;
				ONLY_ACTIVE_ARCH = YES;
				SWIFT_ACTIVE_COMPILATION_CONDITIONS = "DEBUG $(inherited)";
				SWIFT_OPTIMIZATION_LEVEL = "-Onone";
			};
			name = Debug;
		};
		DBD656342D520EF9004E771D /* Release */ = {
			isa = XCBuildConfiguration;
			buildSettings = {
				ALWAYS_SEARCH_USER_PATHS = NO;
				ASSETCATALOG_COMPILER_GENERATE_SWIFT_ASSET_SYMBOL_EXTENSIONS = YES;
				CLANG_ANALYZER_NONNULL = YES;
				CLANG_ANALYZER_NUMBER_OBJECT_CONVERSION = YES_AGGRESSIVE;
				CLANG_CXX_LANGUAGE_STANDARD = "gnu++20";
				CLANG_ENABLE_MODULES = YES;
				CLANG_ENABLE_OBJC_ARC = YES;
				CLANG_ENABLE_OBJC_WEAK = YES;
				CLANG_WARN_BLOCK_CAPTURE_AUTORELEASING = YES;
				CLANG_WARN_BOOL_CONVERSION = YES;
				CLANG_WARN_COMMA = YES;
				CLANG_WARN_CONSTANT_CONVERSION = YES;
				CLANG_WARN_DEPRECATED_OBJC_IMPLEMENTATIONS = YES;
				CLANG_WARN_DIRECT_OBJC_ISA_USAGE = YES_ERROR;
				CLANG_WARN_DOCUMENTATION_COMMENTS = YES;
				CLANG_WARN_EMPTY_BODY = YES;
				CLANG_WARN_ENUM_CONVERSION = YES;
				CLANG_WARN_INFINITE_RECURSION = YES;
				CLANG_WARN_INT_CONVERSION = YES;
				CLANG_WARN_NON_LITERAL_NULL_CONVERSION = YES;
				CLANG_WARN_OBJC_IMPLICIT_RETAIN_SELF = YES;
				CLANG_WARN_OBJC_LITERAL_CONVERSION = YES;
				CLANG_WARN_OBJC_ROOT_CLASS = YES_ERROR;
				CLANG_WARN_QUOTED_INCLUDE_IN_FRAMEWORK_HEADER = YES;
				CLANG_WARN_RANGE_LOOP_ANALYSIS = YES;
				CLANG_WARN_STRICT_PROTOTYPES = YES;
				CLANG_WARN_SUSPICIOUS_MOVE = YES;
				CLANG_WARN_UNGUARDED_AVAILABILITY = YES_AGGRESSIVE;
				CLANG_WARN_UNREACHABLE_CODE = YES;
				CLANG_WARN__DUPLICATE_METHOD_MATCH = YES;
				COPY_PHASE_STRIP = NO;
				DEBUG_INFORMATION_FORMAT = "dwarf-with-dsym";
				ENABLE_NS_ASSERTIONS = NO;
				ENABLE_STRICT_OBJC_MSGSEND = YES;
				ENABLE_USER_SCRIPT_SANDBOXING = YES;
				GCC_C_LANGUAGE_STANDARD = gnu17;
				GCC_NO_COMMON_BLOCKS = YES;
				GCC_WARN_64_TO_32_BIT_CONVERSION = YES;
				GCC_WARN_ABOUT_RETURN_TYPE = YES_ERROR;
				GCC_WARN_UNDECLARED_SELECTOR = YES;
				GCC_WARN_UNINITIALIZED_AUTOS = YES_AGGRESSIVE;
				GCC_WARN_UNUSED_FUNCTION = YES;
				GCC_WARN_UNUSED_VARIABLE = YES;
				LOCALIZATION_PREFERS_STRING_CATALOGS = YES;
				MTL_ENABLE_DEBUG_INFO = NO;
				MTL_FAST_MATH = YES;
				SWIFT_COMPILATION_MODE = wholemodule;
			};
			name = Release;
		};
		DBD656362D520EF9004E771D /* Debug */ = {
			isa = XCBuildConfiguration;
			buildSettings = {
				BUNDLE_LOADER = "$(TEST_HOST)";
				CODE_SIGN_STYLE = Automatic;
				CURRENT_PROJECT_VERSION = 1;
				DEVELOPMENT_TEAM = QVF724M9RV;
				GENERATE_INFOPLIST_FILE = YES;
				IPHONEOS_DEPLOYMENT_TARGET = 18.2;
				MACOSX_DEPLOYMENT_TARGET = 14.5;
				MARKETING_VERSION = 1.0;
				PRODUCT_BUNDLE_IDENTIFIER = com.alsgur.LifeTimerTests;
				PRODUCT_NAME = "$(TARGET_NAME)";
				SDKROOT = auto;
				SUPPORTED_PLATFORMS = "iphoneos iphonesimulator macosx xros xrsimulator";
				SWIFT_EMIT_LOC_STRINGS = NO;
				SWIFT_VERSION = 5.0;
				TARGETED_DEVICE_FAMILY = "1,2,7";
				TEST_HOST = "$(BUILT_PRODUCTS_DIR)/LifeTimer.app/$(BUNDLE_EXECUTABLE_FOLDER_PATH)/LifeTimer";
				XROS_DEPLOYMENT_TARGET = 2.2;
			};
			name = Debug;
		};
		DBD656372D520EF9004E771D /* Release */ = {
			isa = XCBuildConfiguration;
			buildSettings = {
				BUNDLE_LOADER = "$(TEST_HOST)";
				CODE_SIGN_STYLE = Automatic;
				CURRENT_PROJECT_VERSION = 1;
				DEVELOPMENT_TEAM = QVF724M9RV;
				GENERATE_INFOPLIST_FILE = YES;
				IPHONEOS_DEPLOYMENT_TARGET = 18.2;
				MACOSX_DEPLOYMENT_TARGET = 14.5;
				MARKETING_VERSION = 1.0;
				PRODUCT_BUNDLE_IDENTIFIER = com.alsgur.LifeTimerTests;
				PRODUCT_NAME = "$(TARGET_NAME)";
				SDKROOT = auto;
				SUPPORTED_PLATFORMS = "iphoneos iphonesimulator macosx xros xrsimulator";
				SWIFT_EMIT_LOC_STRINGS = NO;
				SWIFT_VERSION = 5.0;
				TARGETED_DEVICE_FAMILY = "1,2,7";
				TEST_HOST = "$(BUILT_PRODUCTS_DIR)/LifeTimer.app/$(BUNDLE_EXECUTABLE_FOLDER_PATH)/LifeTimer";
				XROS_DEPLOYMENT_TARGET = 2.2;
			};
			name = Release;
		};
		DBD656392D520EF9004E771D /* Debug */ = {
			isa = XCBuildConfiguration;
			buildSettings = {
				CODE_SIGN_STYLE = Automatic;
				CURRENT_PROJECT_VERSION = 1;
				DEVELOPMENT_TEAM = QVF724M9RV;
				GENERATE_INFOPLIST_FILE = YES;
				IPHONEOS_DEPLOYMENT_TARGET = 18.2;
				MACOSX_DEPLOYMENT_TARGET = 14.5;
				MARKETING_VERSION = 1.0;
				PRODUCT_BUNDLE_IDENTIFIER = com.alsgur.LifeTimerUITests;
				PRODUCT_NAME = "$(TARGET_NAME)";
				SDKROOT = auto;
				SUPPORTED_PLATFORMS = "iphoneos iphonesimulator macosx xros xrsimulator";
				SWIFT_EMIT_LOC_STRINGS = NO;
				SWIFT_VERSION = 5.0;
				TARGETED_DEVICE_FAMILY = "1,2,7";
				TEST_TARGET_NAME = LifeTimer;
				XROS_DEPLOYMENT_TARGET = 2.2;
			};
			name = Debug;
		};
		DBD6563A2D520EF9004E771D /* Release */ = {
			isa = XCBuildConfiguration;
			buildSettings = {
				CODE_SIGN_STYLE = Automatic;
				CURRENT_PROJECT_VERSION = 1;
				DEVELOPMENT_TEAM = QVF724M9RV;
				GENERATE_INFOPLIST_FILE = YES;
				IPHONEOS_DEPLOYMENT_TARGET = 18.2;
				MACOSX_DEPLOYMENT_TARGET = 14.5;
				MARKETING_VERSION = 1.0;
				PRODUCT_BUNDLE_IDENTIFIER = com.alsgur.LifeTimerUITests;
				PRODUCT_NAME = "$(TARGET_NAME)";
				SDKROOT = auto;
				SUPPORTED_PLATFORMS = "iphoneos iphonesimulator macosx xros xrsimulator";
				SWIFT_EMIT_LOC_STRINGS = NO;
				SWIFT_VERSION = 5.0;
				TARGETED_DEVICE_FAMILY = "1,2,7";
				TEST_TARGET_NAME = LifeTimer;
				XROS_DEPLOYMENT_TARGET = 2.2;
			};
			name = Release;
		};
		DBDE61312D6200B300BD2225 /* Debug */ = {
			isa = XCBuildConfiguration;
			buildSettings = {
				ASSETCATALOG_COMPILER_GLOBAL_ACCENT_COLOR_NAME = AccentColor;
				ASSETCATALOG_COMPILER_WIDGET_BACKGROUND_COLOR_NAME = WidgetBackground;
				CODE_SIGN_ENTITLEMENTS = LifeTimerWIdgetExtension.entitlements;
				CODE_SIGN_STYLE = Automatic;
				CURRENT_PROJECT_VERSION = 1;
				DEVELOPMENT_TEAM = GXC72G385T;
				GENERATE_INFOPLIST_FILE = YES;
				INFOPLIST_FILE = LifeTimerWIdget/Info.plist;
				INFOPLIST_KEY_CFBundleDisplayName = LifeTimerWIdget;
				INFOPLIST_KEY_NSHumanReadableCopyright = "";
				IPHONEOS_DEPLOYMENT_TARGET = 18.0;
				LD_RUNPATH_SEARCH_PATHS = (
					"$(inherited)",
					"@executable_path/Frameworks",
					"@executable_path/../../Frameworks",
				);
				MARKETING_VERSION = 1.0;
				PRODUCT_BUNDLE_IDENTIFIER = com.alsgur.LifeTimer.LifeTimerWidgetExtension;
				PRODUCT_NAME = "$(TARGET_NAME)";
				SDKROOT = iphoneos;
				SKIP_INSTALL = YES;
				SWIFT_EMIT_LOC_STRINGS = YES;
				SWIFT_VERSION = 5.0;
				TARGETED_DEVICE_FAMILY = "1,2";
			};
			name = Debug;
		};
		DBDE61322D6200B300BD2225 /* Release */ = {
			isa = XCBuildConfiguration;
			buildSettings = {
				ASSETCATALOG_COMPILER_GLOBAL_ACCENT_COLOR_NAME = AccentColor;
				ASSETCATALOG_COMPILER_WIDGET_BACKGROUND_COLOR_NAME = WidgetBackground;
				CODE_SIGN_ENTITLEMENTS = LifeTimerWIdgetExtension.entitlements;
				CODE_SIGN_STYLE = Automatic;
				CURRENT_PROJECT_VERSION = 1;
				DEVELOPMENT_TEAM = GXC72G385T;
				GENERATE_INFOPLIST_FILE = YES;
				INFOPLIST_FILE = LifeTimerWIdget/Info.plist;
				INFOPLIST_KEY_CFBundleDisplayName = LifeTimerWIdget;
				INFOPLIST_KEY_NSHumanReadableCopyright = "";
				IPHONEOS_DEPLOYMENT_TARGET = 18.0;
				LD_RUNPATH_SEARCH_PATHS = (
					"$(inherited)",
					"@executable_path/Frameworks",
					"@executable_path/../../Frameworks",
				);
				MARKETING_VERSION = 1.0;
				PRODUCT_BUNDLE_IDENTIFIER = com.alsgur.LifeTimer.LifeTimerWidgetExtension;
				PRODUCT_NAME = "$(TARGET_NAME)";
				SDKROOT = iphoneos;
				SKIP_INSTALL = YES;
				SWIFT_EMIT_LOC_STRINGS = YES;
				SWIFT_VERSION = 5.0;
				TARGETED_DEVICE_FAMILY = "1,2";
				VALIDATE_PRODUCT = YES;
			};
			name = Release;
		};
/* End XCBuildConfiguration section */

/* Begin XCConfigurationList section */
		DBD656012D520EF7004E771D /* Build configuration list for PBXProject "LifeTimer" */ = {
			isa = XCConfigurationList;
			buildConfigurations = (
				DBD656332D520EF9004E771D /* Debug */,
				DBD656342D520EF9004E771D /* Release */,
			);
			defaultConfigurationIsVisible = 0;
			defaultConfigurationName = Release;
		};
		DBD656302D520EF9004E771D /* Build configuration list for PBXNativeTarget "LifeTimer" */ = {
			isa = XCConfigurationList;
			buildConfigurations = (
				DBD656312D520EF9004E771D /* Debug */,
				DBD656322D520EF9004E771D /* Release */,
			);
			defaultConfigurationIsVisible = 0;
			defaultConfigurationName = Release;
		};
		DBD656352D520EF9004E771D /* Build configuration list for PBXNativeTarget "LifeTimerTests" */ = {
			isa = XCConfigurationList;
			buildConfigurations = (
				DBD656362D520EF9004E771D /* Debug */,
				DBD656372D520EF9004E771D /* Release */,
			);
			defaultConfigurationIsVisible = 0;
			defaultConfigurationName = Release;
		};
		DBD656382D520EF9004E771D /* Build configuration list for PBXNativeTarget "LifeTimerUITests" */ = {
			isa = XCConfigurationList;
			buildConfigurations = (
				DBD656392D520EF9004E771D /* Debug */,
				DBD6563A2D520EF9004E771D /* Release */,
			);
			defaultConfigurationIsVisible = 0;
			defaultConfigurationName = Release;
		};
		DBDE61332D6200B300BD2225 /* Build configuration list for PBXNativeTarget "LifeTimerWIdgetExtension" */ = {
			isa = XCConfigurationList;
			buildConfigurations = (
				DBDE61312D6200B300BD2225 /* Debug */,
				DBDE61322D6200B300BD2225 /* Release */,
			);
			defaultConfigurationIsVisible = 0;
			defaultConfigurationName = Release;
		};
/* End XCConfigurationList section */
	};
	rootObject = DBD655FE2D520EF7004E771D /* Project object */;
}
